
Microsoft Visual Studio Solution File, Format Version 12.00
# Visual Studio Version 17
VisualStudioVersion = 17.8.34330.188
MinimumVisualStudioVersion = 10.0.40219.1
Project("{FAE04EC0-301F-11D3-BF4B-00C04F79EFBC}") = "LanguageGame", "LanguageGame\LanguageGame.csproj", "{1DF37A20-E952-4047-8ECF-717A5D0098CD}"
EndProject
Global
	GlobalSection(SolutionConfigurationPlatforms) = preSolution
		Debug|Any CPU = Debug|Any CPU
		Release|Any CPU = Release|Any CPU
	EndGlobalSection
	GlobalSection(ProjectConfigurationPlatforms) = postSolution
		{1DF37A20-E952-4047-8ECF-717A5D0098CD}.Debug|Any CPU.ActiveCfg = Debug|Any CPU
		{1DF37A20-E952-4047-8ECF-717A5D0098CD}.Debug|Any CPU.Build.0 = Debug|Any CPU
		{1DF37A20-E952-4047-8ECF-717A5D0098CD}.Release|Any CPU.ActiveCfg = Release|Any CPU
		{1DF37A20-E952-4047-8ECF-717A5D0098CD}.Release|Any CPU.Build.0 = Release|Any CPU
	EndGlobalSection
	GlobalSection(SolutionProperties) = preSolution
		HideSolutionNode = FALSE
	EndGlobalSection
	GlobalSection(ExtensibilityGlobals) = postSolution
		SolutionGuid = {C65EF1A0-EEA3-4731-B788-D1BDBE9F8953}
	EndGlobalSection
EndGlobal
